
Microsoft Visual Studio Solution File, Format Version 12.00
# Visual Studio Version 17
VisualStudioVersion = 17.11.35312.102
MinimumVisualStudioVersion = 10.0.40219.1
Project("{9A19103F-16F7-4668-BE54-9A1E7A4F7556}") = "GameStore.Frontend", "GameStore.Frontend\GameStore.Frontend.csproj", "{47C6C83F-E64B-4404-879A-8B7A87E796DE}"
EndProject
Global
	GlobalSection(SolutionConfigurationPlatforms) = preSolution
		Debug|Any CPU = Debug|Any CPU
		Release|Any CPU = Release|Any CPU
	EndGlobalSection
	GlobalSection(ProjectConfigurationPlatforms) = postSolution
		{47C6C83F-E64B-4404-879A-8B7A87E796DE}.Debug|Any CPU.ActiveCfg = Debug|Any CPU
		{47C6C83F-E64B-4404-879A-8B7A87E796DE}.Debug|Any CPU.Build.0 = Debug|Any CPU
		{47C6C83F-E64B-4404-879A-8B7A87E796DE}.Release|Any CPU.ActiveCfg = Release|Any CPU
		{47C6C83F-E64B-4404-879A-8B7A87E796DE}.Release|Any CPU.Build.0 = Release|Any CPU
	EndGlobalSection
	GlobalSection(SolutionProperties) = preSolution
		HideSolutionNode = FALSE
	EndGlobalSection
	GlobalSection(ExtensibilityGlobals) = postSolution
		SolutionGuid = {7250B540-0642-4C8B-84A1-72CE941BD0B6}
	EndGlobalSection
EndGlobal
